
Microsoft Visual Studio Solution File, Format Version 12.00
# Visual Studio Version 17
VisualStudioVersion = 17.10.35122.118
MinimumVisualStudioVersion = 10.0.40219.1
Project("{FAE04EC0-301F-11D3-BF4B-00C04F79EFBC}") = "Roommates", "Roommates\Roommates.csproj", "{23707EC4-77CD-4C97-BF36-C4C87EFEBE9C}"
EndProject
Global
	GlobalSection(SolutionConfigurationPlatforms) = preSolution
		Debug|Any CPU = Debug|Any CPU
		Release|Any CPU = Release|Any CPU
	EndGlobalSection
	GlobalSection(ProjectConfigurationPlatforms) = postSolution
		{23707EC4-77CD-4C97-BF36-C4C87EFEBE9C}.Debug|Any CPU.ActiveCfg = Debug|Any CPU
		{23707EC4-77CD-4C97-BF36-C4C87EFEBE9C}.Debug|Any CPU.Build.0 = Debug|Any CPU
		{23707EC4-77CD-4C97-BF36-C4C87EFEBE9C}.Release|Any CPU.ActiveCfg = Release|Any CPU
		{23707EC4-77CD-4C97-BF36-C4C87EFEBE9C}.Release|Any CPU.Build.0 = Release|Any CPU
	EndGlobalSection
	GlobalSection(SolutionProperties) = preSolution
		HideSolutionNode = FALSE
	EndGlobalSection
	GlobalSection(ExtensibilityGlobals) = postSolution
		SolutionGuid = {56ADCB57-BB8B-48C8-AD4D-4D5E97FD7B07}
	EndGlobalSection
EndGlobal
